
Microsoft Visual Studio Solution File, Format Version 12.00
# Visual Studio Version 17
VisualStudioVersion = 17.3.32929.385
MinimumVisualStudioVersion = 10.0.40219.1
Project("{FAE04EC0-301F-11D3-BF4B-00C04F79EFBC}") = "Task3Rectangle", "Task3Rectangle\Task3Rectangle.csproj", "{3C8535E5-F751-46FD-A331-BB0F74EB640D}"
EndProject
Global
	GlobalSection(SolutionConfigurationPlatforms) = preSolution
		Debug|Any CPU = Debug|Any CPU
		Release|Any CPU = Release|Any CPU
	EndGlobalSection
	GlobalSection(ProjectConfigurationPlatforms) = postSolution
		{3C8535E5-F751-46FD-A331-BB0F74EB640D}.Debug|Any CPU.ActiveCfg = Debug|Any CPU
		{3C8535E5-F751-46FD-A331-BB0F74EB640D}.Debug|Any CPU.Build.0 = Debug|Any CPU
		{3C8535E5-F751-46FD-A331-BB0F74EB640D}.Release|Any CPU.ActiveCfg = Release|Any CPU
		{3C8535E5-F751-46FD-A331-BB0F74EB640D}.Release|Any CPU.Build.0 = Release|Any CPU
	EndGlobalSection
	GlobalSection(SolutionProperties) = preSolution
		HideSolutionNode = FALSE
	EndGlobalSection
	GlobalSection(ExtensibilityGlobals) = postSolution
		SolutionGuid = {4C324EE4-7D76-4A13-8591-9FB602FB4504}
	EndGlobalSection
EndGlobal
